{
  "name": "freelancer",
  "version": "0.1.0",
  "lockfileVersion": 1,
  "requires": true,
  "dependencies": {
    "@fullcalendar/core": {
      "version": "4.2.0",
      "resolved": "https://registry.npmjs.org/@fullcalendar/core/-/core-4.2.0.tgz",
      "integrity": "sha512-4kd5OGHxjMtwI0gUHKwAYzmR0Z79Qf8y0ARx2Ruh20JdVy3Tznn6oKwdpkUbaXWrLXNDoXYRkBiFCIgC27VNCw=="
    },
    "@fullcalendar/daygrid": {
      "version": "4.2.0",
      "resolved": "https://registry.npmjs.org/@fullcalendar/daygrid/-/daygrid-4.2.0.tgz",
      "integrity": "sha512-9C61TowLTTZ657cErdylkdRYxXj5HO0NgogQgYX9X2wz7yvn6loiyGx6oq0o6OFf+e/Z4Ey06j7f/fqn/BPYEQ=="
    },
    "@fullcalendar/list": {
      "version": "4.2.0",
      "resolved": "https://registry.npmjs.org/@fullcalendar/list/-/list-4.2.0.tgz",
      "integrity": "sha512-LJuwUoxLSnVti9NNT0ZG6eztoTkFl4h1/c+BwSUAcovPNAxTfVAbaV3rot+AlHz53d/QX03X1GXSNhRpUWJEBA=="
    },
    "bulma-extensions": {
      "version": "6.2.7",
      "resolved": "https://registry.npmjs.org/bulma-extensions/-/bulma-extensions-6.2.7.tgz",
      "integrity": "sha512-y3dHsxlCYkuxUg87KKN9H4InM8NCk8tdnrlxLkYak8sd2WQdllg3wP2Nv41lj8X46uPXX2ADP0MO65LlXPHt/Q=="
    },
    "dropzone": {
      "version": "5.7.1",
      "resolved": "https://registry.npmjs.org/dropzone/-/dropzone-5.7.1.tgz",
      "integrity": "sha512-eqcJafupMKRlVUihZtsLkzLn02WTPUMHeImP5ZtWm3ERObC/dv15te0qqn/X2rEKaSqRC0pNTHUBPgrPWcP52w=="
    },
    "jquery": {
      "version": "3.5.1",
      "resolved": "https://registry.npmjs.org/jquery/-/jquery-3.5.1.tgz",
      "integrity": "sha512-XwIBPqcMn57FxfT+Go5pzySnm4KWkT1Tv7gjrpT1srtf8Weynl6R273VJ5GjkRb51IzMp5nbaPjJXMWeju2MKg=="
    },
    "noty": {
      "version": "3.2.0-beta",
      "resolved": "https://registry.npmjs.org/noty/-/noty-3.2.0-beta.tgz",
      "integrity": "sha512-a1//Rth1MTQ/GCvGzwBXrZqCwOPyxiIKMdHT1TlcdrDYBYVfb7vzwsU0N4x+j/HeIQTi6/pbP8lRtY9gBz/d3Q=="
    },
    "raty-js": {
      "version": "2.9.0",
      "resolved": "https://registry.npmjs.org/raty-js/-/raty-js-2.9.0.tgz",
      "integrity": "sha512-sh4w6Zebi3JGmhdc6KEPVXZVkgE75j3F/0aA/CV6uq4I06AS82y8p6Kpiwh1cnmZiWbjeARv/4XQKpio68X8RA==",
      "requires": {
        "jquery": "^3.3.1"
      }
    }
  }
}
